// !$*UTF8*$!
{
	archiveVersion = 1;
	classes = {
	};
	objectVersion = 55;
	objects = {

/* Begin PBXBuildFile section */
		AB1B1D512743524A000F8220 /* AppDelegate.swift in Sources */ = {isa = PBXBuildFile; fileRef = AB1B1D502743524A000F8220 /* AppDelegate.swift */; };
		AB1B1D532743524A000F8220 /* SceneDelegate.swift in Sources */ = {isa = PBXBuildFile; fileRef = AB1B1D522743524A000F8220 /* SceneDelegate.swift */; };
		AB1B1D552743524A000F8220 /* ViewController.swift in Sources */ = {isa = PBXBuildFile; fileRef = AB1B1D542743524A000F8220 /* ViewController.swift */; };
		AB1B1D582743524A000F8220 /* Main.storyboard in Resources */ = {isa = PBXBuildFile; fileRef = AB1B1D562743524A000F8220 /* Main.storyboard */; };
		AB1B1D5A2743524C000F8220 /* Assets.xcassets in Resources */ = {isa = PBXBuildFile; fileRef = AB1B1D592743524C000F8220 /* Assets.xcassets */; };
		AB1B1D5D2743524D000F8220 /* LaunchScreen.storyboard in Resources */ = {isa = PBXBuildFile; fileRef = AB1B1D5B2743524D000F8220 /* LaunchScreen.storyboard */; };
		AB1B1D682743524D000F8220 /* async_await_practiceTests.swift in Sources */ = {isa = PBXBuildFile; fileRef = AB1B1D672743524D000F8220 /* async_await_practiceTests.swift */; };
		AB1B1D722743524D000F8220 /* async_await_practiceUITests.swift in Sources */ = {isa = PBXBuildFile; fileRef = AB1B1D712743524D000F8220 /* async_await_practiceUITests.swift */; };
		AB1B1D742743524D000F8220 /* async_await_practiceUITestsLaunchTests.swift in Sources */ = {isa = PBXBuildFile; fileRef = AB1B1D732743524D000F8220 /* async_await_practiceUITestsLaunchTests.swift */; };
/* End PBXBuildFile section */

/* Begin PBXContainerItemProxy section */
		AB1B1D642743524D000F8220 /* PBXContainerItemProxy */ = {
			isa = PBXContainerItemProxy;
			containerPortal = AB1B1D452743524A000F8220 /* Project object */;
			proxyType = 1;
			remoteGlobalIDString = AB1B1D4C2743524A000F8220;
			remoteInfo = "async-await-practice";
		};
		AB1B1D6E2743524D000F8220 /* PBXContainerItemProxy */ = {
			isa = PBXContainerItemProxy;
			containerPortal = AB1B1D452743524A000F8220 /* Project object */;
			proxyType = 1;
			remoteGlobalIDString = AB1B1D4C2743524A000F8220;
			remoteInfo = "async-await-practice";
		};
/* End PBXContainerItemProxy section */

/* Begin PBXFileReference section */
		AB1B1D4D2743524A000F8220 /* async-await-practice.app */ = {isa = PBXFileReference; explicitFileType = wrapper.application; includeInIndex = 0; path = "async-await-practice.app"; sourceTree = BUILT_PRODUCTS_DIR; };
		AB1B1D502743524A000F8220 /* AppDelegate.swift */ = {isa = PBXFileReference; lastKnownFileType = sourcecode.swift; path = AppDelegate.swift; sourceTree = "<group>"; };
		AB1B1D522743524A000F8220 /* SceneDelegate.swift */ = {isa = PBXFileReference; lastKnownFileType = sourcecode.swift; path = SceneDelegate.swift; sourceTree = "<group>"; };
		AB1B1D542743524A000F8220 /* ViewController.swift */ = {isa = PBXFileReference; lastKnownFileType = sourcecode.swift; path = ViewController.swift; sourceTree = "<group>"; };
		AB1B1D572743524A000F8220 /* Base */ = {isa = PBXFileReference; lastKnownFileType = file.storyboard; name = Base; path = Base.lproj/Main.storyboard; sourceTree = "<group>"; };
		AB1B1D592743524C000F8220 /* Assets.xcassets */ = {isa = PBXFileReference; lastKnownFileType = folder.assetcatalog; path = Assets.xcassets; sourceTree = "<group>"; };
		AB1B1D5C2743524D000F8220 /* Base */ = {isa = PBXFileReference; lastKnownFileType = file.storyboard; name = Base; path = Base.lproj/LaunchScreen.storyboard; sourceTree = "<group>"; };
		AB1B1D5E2743524D000F8220 /* Info.plist */ = {isa = PBXFileReference; lastKnownFileType = text.plist.xml; path = Info.plist; sourceTree = "<group>"; };
		AB1B1D632743524D000F8220 /* async-await-practiceTests.xctest */ = {isa = PBXFileReference; explicitFileType = wrapper.cfbundle; includeInIndex = 0; path = "async-await-practiceTests.xctest"; sourceTree = BUILT_PRODUCTS_DIR; };
		AB1B1D672743524D000F8220 /* async_await_practiceTests.swift */ = {isa = PBXFileReference; lastKnownFileType = sourcecode.swift; path = async_await_practiceTests.swift; sourceTree = "<group>"; };
		AB1B1D6D2743524D000F8220 /* async-await-practiceUITests.xctest */ = {isa = PBXFileReference; explicitFileType = wrapper.cfbundle; includeInIndex = 0; path = "async-await-practiceUITests.xctest"; sourceTree = BUILT_PRODUCTS_DIR; };
		AB1B1D712743524D000F8220 /* async_await_practiceUITests.swift */ = {isa = PBXFileReference; lastKnownFileType = sourcecode.swift; path = async_await_practiceUITests.swift; sourceTree = "<group>"; };
		AB1B1D732743524D000F8220 /* async_await_practiceUITestsLaunchTests.swift */ = {isa = PBXFileReference; lastKnownFileType = sourcecode.swift; path = async_await_practiceUITestsLaunchTests.swift; sourceTree = "<group>"; };
/* End PBXFileReference section */

/* Begin PBXFrameworksBuildPhase section */
		AB1B1D4A2743524A000F8220 /* Frameworks */ = {
			isa = PBXFrameworksBuildPhase;
			buildActionMask = 2147483647;
			files = (
			);
			runOnlyForDeploymentPostprocessing = 0;
		};
		AB1B1D602743524D000F8220 /* Frameworks */ = {
			isa = PBXFrameworksBuildPhase;
			buildActionMask = 2147483647;
			files = (
			);
			runOnlyForDeploymentPostprocessing = 0;
		};
		AB1B1D6A2743524D000F8220 /* Frameworks */ = {
			isa = PBXFrameworksBuildPhase;
			buildActionMask = 2147483647;
			files = (
			);
			runOnlyForDeploymentPostprocessing = 0;
		};
/* End PBXFrameworksBuildPhase section */

/* Begin PBXGroup section */
		AB1B1D442743524A000F8220 = {
			isa = PBXGroup;
			children = (
				AB1B1D4F2743524A000F8220 /* async-await-practice */,
				AB1B1D662743524D000F8220 /* async-await-practiceTests */,
				AB1B1D702743524D000F8220 /* async-await-practiceUITests */,
				AB1B1D4E2743524A000F8220 /* Products */,
			);
			sourceTree = "<group>";
		};
		AB1B1D4E2743524A000F8220 /* Products */ = {
			isa = PBXGroup;
			children = (
				AB1B1D4D2743524A000F8220 /* async-await-practice.app */,
				AB1B1D632743524D000F8220 /* async-await-practiceTests.xctest */,
				AB1B1D6D2743524D000F8220 /* async-await-practiceUITests.xctest */,
			);
			name = Products;
			sourceTree = "<group>";
		};
		AB1B1D4F2743524A000F8220 /* async-await-practice */ = {
			isa = PBXGroup;
			children = (
				AB1B1D502743524A000F8220 /* AppDelegate.swift */,
				AB1B1D522743524A000F8220 /* SceneDelegate.swift */,
				AB1B1D542743524A000F8220 /* ViewController.swift */,
				AB1B1D562743524A000F8220 /* Main.storyboard */,
				AB1B1D592743524C000F8220 /* Assets.xcassets */,
				AB1B1D5B2743524D000F8220 /* LaunchScreen.storyboard */,
				AB1B1D5E2743524D000F8220 /* Info.plist */,
			);
			path = "async-await-practice";
			sourceTree = "<group>";
		};
		AB1B1D662743524D000F8220 /* async-await-practiceTests */ = {
			isa = PBXGroup;
			children = (
				AB1B1D672743524D000F8220 /* async_await_practiceTests.swift */,
			);
			path = "async-await-practiceTests";
			sourceTree = "<group>";
		};
		AB1B1D702743524D000F8220 /* async-await-practiceUITests */ = {
			isa = PBXGroup;
			children = (
				AB1B1D712743524D000F8220 /* async_await_practiceUITests.swift */,
				AB1B1D732743524D000F8220 /* async_await_practiceUITestsLaunchTests.swift */,
			);
			path = "async-await-practiceUITests";
			sourceTree = "<group>";
		};
/* End PBXGroup section */

/* Begin PBXNativeTarget section */
		AB1B1D4C2743524A000F8220 /* async-await-practice */ = {
			isa = PBXNativeTarget;
			buildConfigurationList = AB1B1D772743524D000F8220 /* Build configuration list for PBXNativeTarget "async-await-practice" */;
			buildPhases = (
				AB1B1D492743524A000F8220 /* Sources */,
				AB1B1D4A2743524A000F8220 /* Frameworks */,
				AB1B1D4B2743524A000F8220 /* Resources */,
			);
			buildRules = (
			);
			dependencies = (
			);
			name = "async-await-practice";
			productName = "async-await-practice";
			productReference = AB1B1D4D2743524A000F8220 /* async-await-practice.app */;
			productType = "com.apple.product-type.application";
		};
		AB1B1D622743524D000F8220 /* async-await-practiceTests */ = {
			isa = PBXNativeTarget;
			buildConfigurationList = AB1B1D7A2743524D000F8220 /* Build configuration list for PBXNativeTarget "async-await-practiceTests" */;
			buildPhases = (
				AB1B1D5F2743524D000F8220 /* Sources */,
				AB1B1D602743524D000F8220 /* Frameworks */,
				AB1B1D612743524D000F8220 /* Resources */,
			);
			buildRules = (
			);
			dependencies = (
				AB1B1D652743524D000F8220 /* PBXTargetDependency */,
			);
			name = "async-await-practiceTests";
			productName = "async-await-practiceTests";
			productReference = AB1B1D632743524D000F8220 /* async-await-practiceTests.xctest */;
			productType = "com.apple.product-type.bundle.unit-test";
		};
		AB1B1D6C2743524D000F8220 /* async-await-practiceUITests */ = {
			isa = PBXNativeTarget;
			buildConfigurationList = AB1B1D7D2743524D000F8220 /* Build configuration list for PBXNativeTarget "async-await-practiceUITests" */;
			buildPhases = (
				AB1B1D692743524D000F8220 /* Sources */,
				AB1B1D6A2743524D000F8220 /* Frameworks */,
				AB1B1D6B2743524D000F8220 /* Resources */,
			);
			buildRules = (
			);
			dependencies = (
				AB1B1D6F2743524D000F8220 /* PBXTargetDependency */,
			);
			name = "async-await-practiceUITests";
			productName = "async-await-practiceUITests";
			productReference = AB1B1D6D2743524D000F8220 /* async-await-practiceUITests.xctest */;
			productType = "com.apple.product-type.bundle.ui-testing";
		};
/* End PBXNativeTarget section */

/* Begin PBXProject section */
		AB1B1D452743524A000F8220 /* Project object */ = {
			isa = PBXProject;
			attributes = {
				BuildIndependentTargetsInParallel = 1;
				LastSwiftUpdateCheck = 1310;
				LastUpgradeCheck = 1310;
				TargetAttributes = {
					AB1B1D4C2743524A000F8220 = {
						CreatedOnToolsVersion = 13.1;
					};
					AB1B1D622743524D000F8220 = {
						CreatedOnToolsVersion = 13.1;
						TestTargetID = AB1B1D4C2743524A000F8220;
					};
					AB1B1D6C2743524D000F8220 = {
						CreatedOnToolsVersion = 13.1;
						TestTargetID = AB1B1D4C2743524A000F8220;
					};
				};
			};
			buildConfigurationList = AB1B1D482743524A000F8220 /* Build configuration list for PBXProject "async-await-practice" */;
			compatibilityVersion = "Xcode 13.0";
			developmentRegion = en;
			hasScannedForEncodings = 0;
			knownRegions = (
				en,
				Base,
			);
			mainGroup = AB1B1D442743524A000F8220;
			productRefGroup = AB1B1D4E2743524A000F8220 /* Products */;
			projectDirPath = "";
			projectRoot = "";
			targets = (
				AB1B1D4C2743524A000F8220 /* async-await-practice */,
				AB1B1D622743524D000F8220 /* async-await-practiceTests */,
				AB1B1D6C2743524D000F8220 /* async-await-practiceUITests */,
			);
		};
/* End PBXProject section */

/* Begin PBXResourcesBuildPhase section */
		AB1B1D4B2743524A000F8220 /* Resources */ = {
			isa = PBXResourcesBuildPhase;
			buildActionMask = 2147483647;
			files = (
				AB1B1D5D2743524D000F8220 /* LaunchScreen.storyboard in Resources */,
				AB1B1D5A2743524C000F8220 /* Assets.xcassets in Resources */,
				AB1B1D582743524A000F8220 /* Main.storyboard in Resources */,
			);
			runOnlyForDeploymentPostprocessing = 0;
		};
		AB1B1D612743524D000F8220 /* Resources */ = {
			isa = PBXResourcesBuildPhase;
			buildActionMask = 2147483647;
			files = (
			);
			runOnlyForDeploymentPostprocessing = 0;
		};
		AB1B1D6B2743524D000F8220 /* Resources */ = {
			isa = PBXResourcesBuildPhase;
			buildActionMask = 2147483647;
			files = (
			);
			runOnlyForDeploymentPostprocessing = 0;
		};
/* End PBXResourcesBuildPhase section */

/* Begin PBXSourcesBuildPhase section */
		AB1B1D492743524A000F8220 /* Sources */ = {
			isa = PBXSourcesBuildPhase;
			buildActionMask = 2147483647;
			files = (
				AB1B1D552743524A000F8220 /* ViewController.swift in Sources */,
				AB1B1D512743524A000F8220 /* AppDelegate.swift in Sources */,
				AB1B1D532743524A000F8220 /* SceneDelegate.swift in Sources */,
			);
			runOnlyForDeploymentPostprocessing = 0;
		};
		AB1B1D5F2743524D000F8220 /* Sources */ = {
			isa = PBXSourcesBuildPhase;
			buildActionMask = 2147483647;
			files = (
				AB1B1D682743524D000F8220 /* async_await_practiceTests.swift in Sources */,
			);
			runOnlyForDeploymentPostprocessing = 0;
		};
		AB1B1D692743524D000F8220 /* Sources */ = {
			isa = PBXSourcesBuildPhase;
			buildActionMask = 2147483647;
			files = (
				AB1B1D722743524D000F8220 /* async_await_practiceUITests.swift in Sources */,
				AB1B1D742743524D000F8220 /* async_await_practiceUITestsLaunchTests.swift in Sources */,
			);
			runOnlyForDeploymentPostprocessing = 0;
		};
/* End PBXSourcesBuildPhase section */

/* Begin PBXTargetDependency section */
		AB1B1D652743524D000F8220 /* PBXTargetDependency */ = {
			isa = PBXTargetDependency;
			target = AB1B1D4C2743524A000F8220 /* async-await-practice */;
			targetProxy = AB1B1D642743524D000F8220 /* PBXContainerItemProxy */;
		};
		AB1B1D6F2743524D000F8220 /* PBXTargetDependency */ = {
			isa = PBXTargetDependency;
			target = AB1B1D4C2743524A000F8220 /* async-await-practice */;
			targetProxy = AB1B1D6E2743524D000F8220 /* PBXContainerItemProxy */;
		};
/* End PBXTargetDependency section */

/* Begin PBXVariantGroup section */
		AB1B1D562743524A000F8220 /* Main.storyboard */ = {
			isa = PBXVariantGroup;
			children = (
				AB1B1D572743524A000F8220 /* Base */,
			);
			name = Main.storyboard;
			sourceTree = "<group>";
		};
		AB1B1D5B2743524D000F8220 /* LaunchScreen.storyboard */ = {
			isa = PBXVariantGroup;
			children = (
				AB1B1D5C2743524D000F8220 /* Base */,
			);
			name = LaunchScreen.storyboard;
			sourceTree = "<group>";
		};
/* End PBXVariantGroup section */

/* Begin XCBuildConfiguration section */
		AB1B1D752743524D000F8220 /* Debug */ = {
			isa = XCBuildConfiguration;
			buildSettings = {
				ALWAYS_SEARCH_USER_PATHS = NO;
				CLANG_ANALYZER_NONNULL = YES;
				CLANG_ANALYZER_NUMBER_OBJECT_CONVERSION = YES_AGGRESSIVE;
				CLANG_CXX_LANGUAGE_STANDARD = "gnu++17";
				CLANG_CXX_LIBRARY = "libc++";
				CLANG_ENABLE_MODULES = YES;
				CLANG_ENABLE_OBJC_ARC = YES;
				CLANG_ENABLE_OBJC_WEAK = YES;
				CLANG_WARN_BLOCK_CAPTURE_AUTORELEASING = YES;
				CLANG_WARN_BOOL_CONVERSION = YES;
				CLANG_WARN_COMMA = YES;
				CLANG_WARN_CONSTANT_CONVERSION = YES;
				CLANG_WARN_DEPRECATED_OBJC_IMPLEMENTATIONS = YES;
				CLANG_WARN_DIRECT_OBJC_ISA_USAGE = YES_ERROR;
				CLANG_WARN_DOCUMENTATION_COMMENTS = YES;
				CLANG_WARN_EMPTY_BODY = YES;
				CLANG_WARN_ENUM_CONVERSION = YES;
				CLANG_WARN_INFINITE_RECURSION = YES;
				CLANG_WARN_INT_CONVERSION = YES;
				CLANG_WARN_NON_LITERAL_NULL_CONVERSION = YES;
				CLANG_WARN_OBJC_IMPLICIT_RETAIN_SELF = YES;
				CLANG_WARN_OBJC_LITERAL_CONVERSION = YES;
				CLANG_WARN_OBJC_ROOT_CLASS = YES_ERROR;
				CLANG_WARN_QUOTED_INCLUDE_IN_FRAMEWORK_HEADER = YES;
				CLANG_WARN_RANGE_LOOP_ANALYSIS = YES;
				CLANG_WARN_STRICT_PROTOTYPES = YES;
				CLANG_WARN_SUSPICIOUS_MOVE = YES;
				CLANG_WARN_UNGUARDED_AVAILABILITY = YES_AGGRESSIVE;
				CLANG_WARN_UNREACHABLE_CODE = YES;
				CLANG_WARN__DUPLICATE_METHOD_MATCH = YES;
				COPY_PHASE_STRIP = NO;
				DEBUG_INFORMATION_FORMAT = dwarf;
				ENABLE_STRICT_OBJC_MSGSEND = YES;
				ENABLE_TESTABILITY = YES;
				GCC_C_LANGUAGE_STANDARD = gnu11;
				GCC_DYNAMIC_NO_PIC = NO;
				GCC_NO_COMMON_BLOCKS = YES;
				GCC_OPTIMIZATION_LEVEL = 0;
				GCC_PREPROCESSOR_DEFINITIONS = (
					"DEBUG=1",
					"$(inherited)",
				);
				GCC_WARN_64_TO_32_BIT_CONVERSION = YES;
				GCC_WARN_ABOUT_RETURN_TYPE = YES_ERROR;
				GCC_WARN_UNDECLARED_SELECTOR = YES;
				GCC_WARN_UNINITIALIZED_AUTOS = YES_AGGRESSIVE;
				GCC_WARN_UNUSED_FUNCTION = YES;
				GCC_WARN_UNUSED_VARIABLE = YES;
				IPHONEOS_DEPLOYMENT_TARGET = 15.0;
				MTL_ENABLE_DEBUG_INFO = INCLUDE_SOURCE;
				MTL_FAST_MATH = YES;
				ONLY_ACTIVE_ARCH = YES;
				SDKROOT = iphoneos;
				SWIFT_ACTIVE_COMPILATION_CONDITIONS = DEBUG;
				SWIFT_OPTIMIZATION_LEVEL = "-Onone";
			};
			name = Debug;
		};
		AB1B1D762743524D000F8220 /* Release */ = {
			isa = XCBuildConfiguration;
			buildSettings = {
				ALWAYS_SEARCH_USER_PATHS = NO;
				CLANG_ANALYZER_NONNULL = YES;
				CLANG_ANALYZER_NUMBER_OBJECT_CONVERSION = YES_AGGRESSIVE;
				CLANG_CXX_LANGUAGE_STANDARD = "gnu++17";
				CLANG_CXX_LIBRARY = "libc++";
				CLANG_ENABLE_MODULES = YES;
				CLANG_ENABLE_OBJC_ARC = YES;
				CLANG_ENABLE_OBJC_WEAK = YES;
				CLANG_WARN_BLOCK_CAPTURE_AUTORELEASING = YES;
				CLANG_WARN_BOOL_CONVERSION = YES;
				CLANG_WARN_COMMA = YES;
				CLANG_WARN_CONSTANT_CONVERSION = YES;
				CLANG_WARN_DEPRECATED_OBJC_IMPLEMENTATIONS = YES;
				CLANG_WARN_DIRECT_OBJC_ISA_USAGE = YES_ERROR;
				CLANG_WARN_DOCUMENTATION_COMMENTS = YES;
				CLANG_WARN_EMPTY_BODY = YES;
				CLANG_WARN_ENUM_CONVERSION = YES;
				CLANG_WARN_INFINITE_RECURSION = YES;
				CLANG_WARN_INT_CONVERSION = YES;
				CLANG_WARN_NON_LITERAL_NULL_CONVERSION = YES;
				CLANG_WARN_OBJC_IMPLICIT_RETAIN_SELF = YES;
				CLANG_WARN_OBJC_LITERAL_CONVERSION = YES;
				CLANG_WARN_OBJC_ROOT_CLASS = YES_ERROR;
				CLANG_WARN_QUOTED_INCLUDE_IN_FRAMEWORK_HEADER = YES;
				CLANG_WARN_RANGE_LOOP_ANALYSIS = YES;
				CLANG_WARN_STRICT_PROTOTYPES = YES;
				CLANG_WARN_SUSPICIOUS_MOVE = YES;
				CLANG_WARN_UNGUARDED_AVAILABILITY = YES_AGGRESSIVE;
				CLANG_WARN_UNREACHABLE_CODE = YES;
				CLANG_WARN__DUPLICATE_METHOD_MATCH = YES;
				COPY_PHASE_STRIP = NO;
				DEBUG_INFORMATION_FORMAT = "dwarf-with-dsym";
				ENABLE_NS_ASSERTIONS = NO;
				ENABLE_STRICT_OBJC_MSGSEND = YES;
				GCC_C_LANGUAGE_STANDARD = gnu11;
				GCC_NO_COMMON_BLOCKS = YES;
				GCC_WARN_64_TO_32_BIT_CONVERSION = YES;
				GCC_WARN_ABOUT_RETURN_TYPE = YES_ERROR;
				GCC_WARN_UNDECLARED_SELECTOR = YES;
				GCC_WARN_UNINITIALIZED_AUTOS = YES_AGGRESSIVE;
				GCC_WARN_UNUSED_FUNCTION = YES;
				GCC_WARN_UNUSED_VARIABLE = YES;
				IPHONEOS_DEPLOYMENT_TARGET = 15.0;
				MTL_ENABLE_DEBUG_INFO = NO;
				MTL_FAST_MATH = YES;
				SDKROOT = iphoneos;
				SWIFT_COMPILATION_MODE = wholemodule;
				SWIFT_OPTIMIZATION_LEVEL = "-O";
				VALIDATE_PRODUCT = YES;
			};
			name = Release;
		};
		AB1B1D782743524D000F8220 /* Debug */ = {
			isa = XCBuildConfiguration;
			buildSettings = {
				ASSETCATALOG_COMPILER_APPICON_NAME = AppIcon;
				ASSETCATALOG_COMPILER_GLOBAL_ACCENT_COLOR_NAME = AccentColor;
				CODE_SIGN_STYLE = Automatic;
				CURRENT_PROJECT_VERSION = 1;
				DEVELOPMENT_TEAM = 242KS3V77L;
				GENERATE_INFOPLIST_FILE = YES;
				INFOPLIST_FILE = "async-await-practice/Info.plist";
				INFOPLIST_KEY_UIApplicationSupportsIndirectInputEvents = YES;
				INFOPLIST_KEY_UILaunchStoryboardName = LaunchScreen;
				INFOPLIST_KEY_UIMainStoryboardFile = Main;
				INFOPLIST_KEY_UISupportedInterfaceOrientations_iPad = "UIInterfaceOrientationPortrait UIInterfaceOrientationPortraitUpsideDown UIInterfaceOrientationLandscapeLeft UIInterfaceOrientationLandscapeRight";
				INFOPLIST_KEY_UISupportedInterfaceOrientations_iPhone = "UIInterfaceOrientationPortrait UIInterfaceOrientationLandscapeLeft UIInterfaceOrientationLandscapeRight";
				LD_RUNPATH_SEARCH_PATHS = (
					"$(inherited)",
					"@executable_path/Frameworks",
				);
				MARKETING_VERSION = 1.0;
				PRODUCT_BUNDLE_IDENTIFIER = "oonishireon.async-await-practice";
				PRODUCT_NAME = "$(TARGET_NAME)";
				SWIFT_EMIT_LOC_STRINGS = YES;
				SWIFT_VERSION = 5.0;
				TARGETED_DEVICE_FAMILY = "1,2";
			};
			name = Debug;
		};
		AB1B1D792743524D000F8220 /* Release */ = {
			isa = XCBuildConfiguration;
			buildSettings = {
				ASSETCATALOG_COMPILER_APPICON_NAME = AppIcon;
				ASSETCATALOG_COMPILER_GLOBAL_ACCENT_COLOR_NAME = AccentColor;
				CODE_SIGN_STYLE = Automatic;
				CURRENT_PROJECT_VERSION = 1;
				DEVELOPMENT_TEAM = 242KS3V77L;
				GENERATE_INFOPLIST_FILE = YES;
				INFOPLIST_FILE = "async-await-practice/Info.plist";
				INFOPLIST_KEY_UIApplicationSupportsIndirectInputEvents = YES;
				INFOPLIST_KEY_UILaunchStoryboardName = LaunchScreen;
				INFOPLIST_KEY_UIMainStoryboardFile = Main;
				INFOPLIST_KEY_UISupportedInterfaceOrientations_iPad = "UIInterfaceOrientationPortrait UIInterfaceOrientationPortraitUpsideDown UIInterfaceOrientationLandscapeLeft UIInterfaceOrientationLandscapeRight";
				INFOPLIST_KEY_UISupportedInterfaceOrientations_iPhone = "UIInterfaceOrientationPortrait UIInterfaceOrientationLandscapeLeft UIInterfaceOrientationLandscapeRight";
				LD_RUNPATH_SEARCH_PATHS = (
					"$(inherited)",
					"@executable_path/Frameworks",
				);
				MARKETING_VERSION = 1.0;
				PRODUCT_BUNDLE_IDENTIFIER = "oonishireon.async-await-practice";
				PRODUCT_NAME = "$(TARGET_NAME)";
				SWIFT_EMIT_LOC_STRINGS = YES;
				SWIFT_VERSION = 5.0;
				TARGETED_DEVICE_FAMILY = "1,2";
			};
			name = Release;
		};
		AB1B1D7B2743524D000F8220 /* Debug */ = {
			isa = XCBuildConfiguration;
			buildSettings = {
				ALWAYS_EMBED_SWIFT_STANDARD_LIBRARIES = YES;
				BUNDLE_LOADER = "$(TEST_HOST)";
				CODE_SIGN_STYLE = Automatic;
				CURRENT_PROJECT_VERSION = 1;
				DEVELOPMENT_TEAM = 242KS3V77L;
				GENERATE_INFOPLIST_FILE = YES;
				IPHONEOS_DEPLOYMENT_TARGET = 15.0;
				LD_RUNPATH_SEARCH_PATHS = (
					"$(inherited)",
					"@executable_path/Frameworks",
					"@loader_path/Frameworks",
				);
				MARKETING_VERSION = 1.0;
				PRODUCT_BUNDLE_IDENTIFIER = "oonishireon.async-await-practiceTests";
				PRODUCT_NAME = "$(TARGET_NAME)";
				SWIFT_EMIT_LOC_STRINGS = NO;
				SWIFT_VERSION = 5.0;
				TARGETED_DEVICE_FAMILY = "1,2";
				TEST_HOST = "$(BUILT_PRODUCTS_DIR)/async-await-practice.app/async-await-practice";
			};
			name = Debug;
		};
		AB1B1D7C2743524D000F8220 /* Release */ = {
			isa = XCBuildConfiguration;
			buildSettings = {
				ALWAYS_EMBED_SWIFT_STANDARD_LIBRARIES = YES;
				BUNDLE_LOADER = "$(TEST_HOST)";
				CODE_SIGN_STYLE = Automatic;
				CURRENT_PROJECT_VERSION = 1;
				DEVELOPMENT_TEAM = 242KS3V77L;
				GENERATE_INFOPLIST_FILE = YES;
				IPHONEOS_DEPLOYMENT_TARGET = 15.0;
				LD_RUNPATH_SEARCH_PATHS = (
					"$(inherited)",
					"@executable_path/Frameworks",
					"@loader_path/Frameworks",
				);
				MARKETING_VERSION = 1.0;
				PRODUCT_BUNDLE_IDENTIFIER = "oonishireon.async-await-practiceTests";
				PRODUCT_NAME = "$(TARGET_NAME)";
				SWIFT_EMIT_LOC_STRINGS = NO;
				SWIFT_VERSION = 5.0;
				TARGETED_DEVICE_FAMILY = "1,2";
				TEST_HOST = "$(BUILT_PRODUCTS_DIR)/async-await-practice.app/async-await-practice";
			};
			name = Release;
		};
		AB1B1D7E2743524D000F8220 /* Debug */ = {
			isa = XCBuildConfiguration;
			buildSettings = {
				ALWAYS_EMBED_SWIFT_STANDARD_LIBRARIES = YES;
				CODE_SIGN_STYLE = Automatic;
				CURRENT_PROJECT_VERSION = 1;
				DEVELOPMENT_TEAM = 242KS3V77L;
				GENERATE_INFOPLIST_FILE = YES;
				LD_RUNPATH_SEARCH_PATHS = (
					"$(inherited)",
					"@executable_path/Frameworks",
					"@loader_path/Frameworks",
				);
				MARKETING_VERSION = 1.0;
				PRODUCT_BUNDLE_IDENTIFIER = "oonishireon.async-await-practiceUITests";
				PRODUCT_NAME = "$(TARGET_NAME)";
				SWIFT_EMIT_LOC_STRINGS = NO;
				SWIFT_VERSION = 5.0;
				TARGETED_DEVICE_FAMILY = "1,2";
				TEST_TARGET_NAME = "async-await-practice";
			};
			name = Debug;
		};
		AB1B1D7F2743524D000F8220 /* Release */ = {
			isa = XCBuildConfiguration;
			buildSettings = {
				ALWAYS_EMBED_SWIFT_STANDARD_LIBRARIES = YES;
				CODE_SIGN_STYLE = Automatic;
				CURRENT_PROJECT_VERSION = 1;
				DEVELOPMENT_TEAM = 242KS3V77L;
				GENERATE_INFOPLIST_FILE = YES;
				LD_RUNPATH_SEARCH_PATHS = (
					"$(inherited)",
					"@executable_path/Frameworks",
					"@loader_path/Frameworks",
				);
				MARKETING_VERSION = 1.0;
				PRODUCT_BUNDLE_IDENTIFIER = "oonishireon.async-await-practiceUITests";
				PRODUCT_NAME = "$(TARGET_NAME)";
				SWIFT_EMIT_LOC_STRINGS = NO;
				SWIFT_VERSION = 5.0;
				TARGETED_DEVICE_FAMILY = "1,2";
				TEST_TARGET_NAME = "async-await-practice";
			};
			name = Release;
		};
/* End XCBuildConfiguration section */

/* Begin XCConfigurationList section */
		AB1B1D482743524A000F8220 /* Build configuration list for PBXProject "async-await-practice" */ = {
			isa = XCConfigurationList;
			buildConfigurations = (
				AB1B1D752743524D000F8220 /* Debug */,
				AB1B1D762743524D000F8220 /* Release */,
			);
			defaultConfigurationIsVisible = 0;
			defaultConfigurationName = Release;
		};
		AB1B1D772743524D000F8220 /* Build configuration list for PBXNativeTarget "async-await-practice" */ = {
			isa = XCConfigurationList;
			buildConfigurations = (
				AB1B1D782743524D000F8220 /* Debug */,
				AB1B1D792743524D000F8220 /* Release */,
			);
			defaultConfigurationIsVisible = 0;
			defaultConfigurationName = Release;
		};
		AB1B1D7A2743524D000F8220 /* Build configuration list for PBXNativeTarget "async-await-practiceTests" */ = {
			isa = XCConfigurationList;
			buildConfigurations = (
				AB1B1D7B2743524D000F8220 /* Debug */,
				AB1B1D7C2743524D000F8220 /* Release */,
			);
			defaultConfigurationIsVisible = 0;
			defaultConfigurationName = Release;
		};
		AB1B1D7D2743524D000F8220 /* Build configuration list for PBXNativeTarget "async-await-practiceUITests" */ = {
			isa = XCConfigurationList;
			buildConfigurations = (
				AB1B1D7E2743524D000F8220 /* Debug */,
				AB1B1D7F2743524D000F8220 /* Release */,
			);
			defaultConfigurationIsVisible = 0;
			defaultConfigurationName = Release;
		};
/* End XCConfigurationList section */
	};
	rootObject = AB1B1D452743524A000F8220 /* Project object */;
}
